
Microsoft Visual Studio Solution File, Format Version 12.00
# Visual Studio Version 17
VisualStudioVersion = 17.1.32319.34
MinimumVisualStudioVersion = 10.0.40219.1
Project("{8BC9CEB8-8B4A-11D0-8D11-00A0C91BC942}") = "unit", "unit\unit.vcxproj", "{457C1C30-3C25-401C-8DB6-346A467BBBA4}"
EndProject
Global
	GlobalSection(SolutionConfigurationPlatforms) = preSolution
		Debug|x64 = Debug|x64
		Debug|x86 = Debug|x86
		Release|x64 = Release|x64
		Release|x86 = Release|x86
	EndGlobalSection
	GlobalSection(ProjectConfigurationPlatforms) = postSolution
		{457C1C30-3C25-401C-8DB6-346A467BBBA4}.Debug|x64.ActiveCfg = Debug|x64
		{457C1C30-3C25-401C-8DB6-346A467BBBA4}.Debug|x64.Build.0 = Debug|x64
		{457C1C30-3C25-401C-8DB6-346A467BBBA4}.Debug|x86.ActiveCfg = Debug|Win32
		{457C1C30-3C25-401C-8DB6-346A467BBBA4}.Debug|x86.Build.0 = Debug|Win32
		{457C1C30-3C25-401C-8DB6-346A467BBBA4}.Release|x64.ActiveCfg = Release|x64
		{457C1C30-3C25-401C-8DB6-346A467BBBA4}.Release|x64.Build.0 = Release|x64
		{457C1C30-3C25-401C-8DB6-346A467BBBA4}.Release|x86.ActiveCfg = Release|Win32
		{457C1C30-3C25-401C-8DB6-346A467BBBA4}.Release|x86.Build.0 = Release|Win32
	EndGlobalSection
	GlobalSection(SolutionProperties) = preSolution
		HideSolutionNode = FALSE
	EndGlobalSection
	GlobalSection(ExtensibilityGlobals) = postSolution
		SolutionGuid = {DC280B92-987D-42EC-A081-88C345DCAB6F}
	EndGlobalSection
EndGlobal
